
Microsoft Visual Studio Solution File, Format Version 12.00
# Visual Studio Version 17
VisualStudioVersion = 17.0.31903.59
MinimumVisualStudioVersion = 10.0.40219.1
Project("{FAE04EC0-301F-11D3-BF4B-00C04F79EFBC}") = "IntelliStock.Api", "IntelliStock.Api\IntelliStock.Api.csproj", "{BFAFBD31-3845-4868-853E-1CEE1D80D2A6}"
EndProject
Project("{FAE04EC0-301F-11D3-BF4B-00C04F79EFBC}") = "IntelliStock.Api.Tests", "IntelliStock.Api.Tests\IntelliStock.Api.Tests.csproj", "{4FDC220B-6914-4F4B-80DE-1BAA4C1B3CD7}"
EndProject
Global
	GlobalSection(SolutionConfigurationPlatforms) = preSolution
		Debug|Any CPU = Debug|Any CPU
		Debug|x64 = Debug|x64
		Debug|x86 = Debug|x86
		Release|Any CPU = Release|Any CPU
		Release|x64 = Release|x64
		Release|x86 = Release|x86
	EndGlobalSection
	GlobalSection(ProjectConfigurationPlatforms) = postSolution
		{BFAFBD31-3845-4868-853E-1CEE1D80D2A6}.Debug|Any CPU.ActiveCfg = Debug|Any CPU
		{BFAFBD31-3845-4868-853E-1CEE1D80D2A6}.Debug|Any CPU.Build.0 = Debug|Any CPU
		{BFAFBD31-3845-4868-853E-1CEE1D80D2A6}.Debug|x64.ActiveCfg = Debug|Any CPU
		{BFAFBD31-3845-4868-853E-1CEE1D80D2A6}.Debug|x64.Build.0 = Debug|Any CPU
		{BFAFBD31-3845-4868-853E-1CEE1D80D2A6}.Debug|x86.ActiveCfg = Debug|Any CPU
		{BFAFBD31-3845-4868-853E-1CEE1D80D2A6}.Debug|x86.Build.0 = Debug|Any CPU
		{BFAFBD31-3845-4868-853E-1CEE1D80D2A6}.Release|Any CPU.ActiveCfg = Release|Any CPU
		{BFAFBD31-3845-4868-853E-1CEE1D80D2A6}.Release|Any CPU.Build.0 = Release|Any CPU
		{BFAFBD31-3845-4868-853E-1CEE1D80D2A6}.Release|x64.ActiveCfg = Release|Any CPU
		{BFAFBD31-3845-4868-853E-1CEE1D80D2A6}.Release|x64.Build.0 = Release|Any CPU
		{BFAFBD31-3845-4868-853E-1CEE1D80D2A6}.Release|x86.ActiveCfg = Release|Any CPU
		{BFAFBD31-3845-4868-853E-1CEE1D80D2A6}.Release|x86.Build.0 = Release|Any CPU
		{4FDC220B-6914-4F4B-80DE-1BAA4C1B3CD7}.Debug|Any CPU.ActiveCfg = Debug|Any CPU
		{4FDC220B-6914-4F4B-80DE-1BAA4C1B3CD7}.Debug|Any CPU.Build.0 = Debug|Any CPU
		{4FDC220B-6914-4F4B-80DE-1BAA4C1B3CD7}.Debug|x64.ActiveCfg = Debug|Any CPU
		{4FDC220B-6914-4F4B-80DE-1BAA4C1B3CD7}.Debug|x64.Build.0 = Debug|Any CPU
		{4FDC220B-6914-4F4B-80DE-1BAA4C1B3CD7}.Debug|x86.ActiveCfg = Debug|Any CPU
		{4FDC220B-6914-4F4B-80DE-1BAA4C1B3CD7}.Debug|x86.Build.0 = Debug|Any CPU
		{4FDC220B-6914-4F4B-80DE-1BAA4C1B3CD7}.Release|Any CPU.ActiveCfg = Release|Any CPU
		{4FDC220B-6914-4F4B-80DE-1BAA4C1B3CD7}.Release|Any CPU.Build.0 = Release|Any CPU
		{4FDC220B-6914-4F4B-80DE-1BAA4C1B3CD7}.Release|x64.ActiveCfg = Release|Any CPU
		{4FDC220B-6914-4F4B-80DE-1BAA4C1B3CD7}.Release|x64.Build.0 = Release|Any CPU
		{4FDC220B-6914-4F4B-80DE-1BAA4C1B3CD7}.Release|x86.ActiveCfg = Release|Any CPU
		{4FDC220B-6914-4F4B-80DE-1BAA4C1B3CD7}.Release|x86.Build.0 = Release|Any CPU
	EndGlobalSection
	GlobalSection(SolutionProperties) = preSolution
		HideSolutionNode = FALSE
	EndGlobalSection
EndGlobal
